
Microsoft Visual Studio Solution File, Format Version 12.00
# Visual Studio Version 17
VisualStudioVersion = 17.0.31903.59
MinimumVisualStudioVersion = 10.0.40219.1
Project("{FAE04EC0-301F-11D3-BF4B-00C04F79EFBC}") = "TaskClass", "TaskClass\TaskClass.csproj", "{61CB85E2-7FFF-482A-A5F6-A846F49A9501}"
EndProject
Project("{FAE04EC0-301F-11D3-BF4B-00C04F79EFBC}") = "ToDoListApp", "ToDoListApp\ToDoListApp.csproj", "{0F5A7914-A706-42C8-AD55-62F06776AE9D}"
EndProject
Global
	GlobalSection(SolutionConfigurationPlatforms) = preSolution
		Debug|Any CPU = Debug|Any CPU
		Release|Any CPU = Release|Any CPU
	EndGlobalSection
	GlobalSection(ProjectConfigurationPlatforms) = postSolution
		{61CB85E2-7FFF-482A-A5F6-A846F49A9501}.Debug|Any CPU.ActiveCfg = Debug|Any CPU
		{61CB85E2-7FFF-482A-A5F6-A846F49A9501}.Debug|Any CPU.Build.0 = Debug|Any CPU
		{61CB85E2-7FFF-482A-A5F6-A846F49A9501}.Release|Any CPU.ActiveCfg = Release|Any CPU
		{61CB85E2-7FFF-482A-A5F6-A846F49A9501}.Release|Any CPU.Build.0 = Release|Any CPU
		{0F5A7914-A706-42C8-AD55-62F06776AE9D}.Debug|Any CPU.ActiveCfg = Debug|Any CPU
		{0F5A7914-A706-42C8-AD55-62F06776AE9D}.Debug|Any CPU.Build.0 = Debug|Any CPU
		{0F5A7914-A706-42C8-AD55-62F06776AE9D}.Release|Any CPU.ActiveCfg = Release|Any CPU
		{0F5A7914-A706-42C8-AD55-62F06776AE9D}.Release|Any CPU.Build.0 = Release|Any CPU
	EndGlobalSection
	GlobalSection(SolutionProperties) = preSolution
		HideSolutionNode = FALSE
	EndGlobalSection
	GlobalSection(ExtensibilityGlobals) = postSolution
		SolutionGuid = {8CE12320-4810-4E5B-A963-8832C4A98AC1}
	EndGlobalSection
EndGlobal
